
Microsoft Visual Studio Solution File, Format Version 12.00
# Visual Studio Version 17
VisualStudioVersion = 17.0.32112.339
MinimumVisualStudioVersion = 10.0.40219.1
Project("{2150E333-8FDC-42A3-9474-1A3956D46DE8}") = "FrontEnd", "FrontEnd", "{A1999F5C-E313-4B51-B39E-28EEFA6DEA64}"
EndProject
Project("{FAE04EC0-301F-11D3-BF4B-00C04F79EFBC}") = "Mango.Web", "Mango.Web\Mango.Web.csproj", "{6D1F71D2-8D44-4A22-8F0A-3F28310F372A}"
EndProject
Project("{2150E333-8FDC-42A3-9474-1A3956D46DE8}") = "Services", "Services", "{70255321-D664-4793-94BE-294C1C9CFEE1}"
EndProject
Project("{FAE04EC0-301F-11D3-BF4B-00C04F79EFBC}") = "Mango.Services.ProductAPI", "Mango.Services.ProductAPI\Mango.Services.ProductAPI.csproj", "{9563926B-E8F9-476B-B7A0-3B78B6B388A5}"
EndProject
Global
	GlobalSection(SolutionConfigurationPlatforms) = preSolution
		Debug|Any CPU = Debug|Any CPU
		Release|Any CPU = Release|Any CPU
	EndGlobalSection
	GlobalSection(ProjectConfigurationPlatforms) = postSolution
		{6D1F71D2-8D44-4A22-8F0A-3F28310F372A}.Debug|Any CPU.ActiveCfg = Debug|Any CPU
		{6D1F71D2-8D44-4A22-8F0A-3F28310F372A}.Debug|Any CPU.Build.0 = Debug|Any CPU
		{6D1F71D2-8D44-4A22-8F0A-3F28310F372A}.Release|Any CPU.ActiveCfg = Release|Any CPU
		{6D1F71D2-8D44-4A22-8F0A-3F28310F372A}.Release|Any CPU.Build.0 = Release|Any CPU
		{9563926B-E8F9-476B-B7A0-3B78B6B388A5}.Debug|Any CPU.ActiveCfg = Debug|Any CPU
		{9563926B-E8F9-476B-B7A0-3B78B6B388A5}.Debug|Any CPU.Build.0 = Debug|Any CPU
		{9563926B-E8F9-476B-B7A0-3B78B6B388A5}.Release|Any CPU.ActiveCfg = Release|Any CPU
		{9563926B-E8F9-476B-B7A0-3B78B6B388A5}.Release|Any CPU.Build.0 = Release|Any CPU
	EndGlobalSection
	GlobalSection(SolutionProperties) = preSolution
		HideSolutionNode = FALSE
	EndGlobalSection
	GlobalSection(NestedProjects) = preSolution
		{6D1F71D2-8D44-4A22-8F0A-3F28310F372A} = {A1999F5C-E313-4B51-B39E-28EEFA6DEA64}
		{9563926B-E8F9-476B-B7A0-3B78B6B388A5} = {70255321-D664-4793-94BE-294C1C9CFEE1}
	EndGlobalSection
	GlobalSection(ExtensibilityGlobals) = postSolution
		SolutionGuid = {5B25BA32-B743-4C1B-AD67-49EE3B7AD073}
	EndGlobalSection
EndGlobal
